
Microsoft Visual Studio Solution File, Format Version 12.00
# Visual Studio Version 16
VisualStudioVersion = 16.0.29613.14
MinimumVisualStudioVersion = 10.0.40219.1
Project("{9092AA53-FB77-4645-B42D-1CCCA6BD08BD}") = "SteemMonitoring", "SteemMonitoring\SteemMonitoring.njsproj", "{EA7FF46F-2CAC-4C15-84F0-04C24588512B}"
EndProject
Global
	GlobalSection(SolutionConfigurationPlatforms) = preSolution
		Debug|Any CPU = Debug|Any CPU
		Release|Any CPU = Release|Any CPU
	EndGlobalSection
	GlobalSection(ProjectConfigurationPlatforms) = postSolution
		{EA7FF46F-2CAC-4C15-84F0-04C24588512B}.Debug|Any CPU.ActiveCfg = Debug|Any CPU
		{EA7FF46F-2CAC-4C15-84F0-04C24588512B}.Debug|Any CPU.Build.0 = Debug|Any CPU
		{EA7FF46F-2CAC-4C15-84F0-04C24588512B}.Release|Any CPU.ActiveCfg = Release|Any CPU
		{EA7FF46F-2CAC-4C15-84F0-04C24588512B}.Release|Any CPU.Build.0 = Release|Any CPU
	EndGlobalSection
	GlobalSection(SolutionProperties) = preSolution
		HideSolutionNode = FALSE
	EndGlobalSection
	GlobalSection(ExtensibilityGlobals) = postSolution
		SolutionGuid = {C5C3D965-B82F-4115-AF46-3F373BCED1CA}
	EndGlobalSection
EndGlobal
